
Microsoft Visual Studio Solution File, Format Version 12.00
# Visual Studio Version 16
VisualStudioVersion = 16.0.32106.194
MinimumVisualStudioVersion = 10.0.40219.1
Project("{FAE04EC0-301F-11D3-BF4B-00C04F79EFBC}") = "API_Examples", "API_Examples\API_Examples.csproj", "{CF9B6A7D-2C22-4343-857C-3ACB504AC951}"
EndProject
Project("{FAE04EC0-301F-11D3-BF4B-00C04F79EFBC}") = "UI", "UI\UI.csproj", "{6BD6C593-BC6F-4937-AA33-38678F26197C}"
EndProject
Global
	GlobalSection(SolutionConfigurationPlatforms) = preSolution
		Debug|Any CPU = Debug|Any CPU
		Release|Any CPU = Release|Any CPU
	EndGlobalSection
	GlobalSection(ProjectConfigurationPlatforms) = postSolution
		{CF9B6A7D-2C22-4343-857C-3ACB504AC951}.Debug|Any CPU.ActiveCfg = Debug|Any CPU
		{CF9B6A7D-2C22-4343-857C-3ACB504AC951}.Debug|Any CPU.Build.0 = Debug|Any CPU
		{CF9B6A7D-2C22-4343-857C-3ACB504AC951}.Release|Any CPU.ActiveCfg = Release|Any CPU
		{CF9B6A7D-2C22-4343-857C-3ACB504AC951}.Release|Any CPU.Build.0 = Release|Any CPU
		{6BD6C593-BC6F-4937-AA33-38678F26197C}.Debug|Any CPU.ActiveCfg = Debug|Any CPU
		{6BD6C593-BC6F-4937-AA33-38678F26197C}.Debug|Any CPU.Build.0 = Debug|Any CPU
		{6BD6C593-BC6F-4937-AA33-38678F26197C}.Release|Any CPU.ActiveCfg = Release|Any CPU
		{6BD6C593-BC6F-4937-AA33-38678F26197C}.Release|Any CPU.Build.0 = Release|Any CPU
	EndGlobalSection
	GlobalSection(SolutionProperties) = preSolution
		HideSolutionNode = FALSE
	EndGlobalSection
	GlobalSection(ExtensibilityGlobals) = postSolution
		SolutionGuid = {2D1BAA79-667A-42E5-846B-99C2016F8CA0}
	EndGlobalSection
EndGlobal
